
Microsoft Visual Studio Solution File, Format Version 12.00
# Visual Studio Version 17
VisualStudioVersion = 17.5.33516.290
MinimumVisualStudioVersion = 10.0.40219.1
Project("{FAE04EC0-301F-11D3-BF4B-00C04F79EFBC}") = "supportDesk", "supportDesk\supportDesk.csproj", "{EA6455E1-A97E-47A6-A2B4-5BFDC25C216B}"
EndProject
Global
	GlobalSection(SolutionConfigurationPlatforms) = preSolution
		Debug|Any CPU = Debug|Any CPU
		Release|Any CPU = Release|Any CPU
	EndGlobalSection
	GlobalSection(ProjectConfigurationPlatforms) = postSolution
		{EA6455E1-A97E-47A6-A2B4-5BFDC25C216B}.Debug|Any CPU.ActiveCfg = Debug|Any CPU
		{EA6455E1-A97E-47A6-A2B4-5BFDC25C216B}.Debug|Any CPU.Build.0 = Debug|Any CPU
		{EA6455E1-A97E-47A6-A2B4-5BFDC25C216B}.Release|Any CPU.ActiveCfg = Release|Any CPU
		{EA6455E1-A97E-47A6-A2B4-5BFDC25C216B}.Release|Any CPU.Build.0 = Release|Any CPU
	EndGlobalSection
	GlobalSection(SolutionProperties) = preSolution
		HideSolutionNode = FALSE
	EndGlobalSection
	GlobalSection(ExtensibilityGlobals) = postSolution
		SolutionGuid = {3ECE62C3-8AA9-43AF-96F6-4D92AB8017D7}
	EndGlobalSection
EndGlobal
